hash: 55822f4386c4a7c9d291e1e3aea5f911190c2585ecd6b9b29358a89d181bd163
updated: 2020-05-18T11:41:18.2651195-03:00
imports:
- name: github.com/airtonGit/monologger
  version: f87272e5930dfb1307769f6dabc04de571fe96d1
- name: github.com/airtonGit/version
  version: 65c036c33bf25b6892a1d28adba8335345875c43
- name: github.com/joho/godotenv
  version: d6ee6871f21dd95e76563a90f522ce9fe75443f8
testImports: []
