hash: 18093409a411fc54188f68571409777f11a73e05a569f4817e300542677b165c
updated: 2019-05-02T18:20:47.007096-03:00
imports:
- name: github.com/airtonGit/filelogger
  version: 31dacaadf190616f2558743a68061c176834695d
- name: github.com/airtonGit/version
  version: 65c036c33bf25b6892a1d28adba8335345875c43
- name: github.com/joho/godotenv
  version: 5c0e6c6ab1a0a9ef0a8822cba3a05d62f7dad941
testImports: []
